// !$*UTF8*$!
{
	archiveVersion = 1;
	classes = {
	};
	objectVersion = 55;
	objects = {

/* Begin PBXBuildFile section */
		2FAEF71F427D6ABDDA05EB3D /* Pods_EngineerConnectAppTests.framework in Frameworks */ = {isa = PBXBuildFile; fileRef = B3E44063227E252FA16A1A64 /* Pods_EngineerConnectAppTests.framework */; };
		34220B99EC5EBB23FE69ED10 /* Pods_EngineerConnectApp_EngineerConnectAppUITests.framework in Frameworks */ = {isa = PBXBuildFile; fileRef = 97759E2FAECDDCD616344257 /* Pods_EngineerConnectApp_EngineerConnectAppUITests.framework */; };
		80B1E94C2740B238002D2F81 /* AppDelegate.swift in Sources */ = {isa = PBXBuildFile; fileRef = 80B1E94B2740B238002D2F81 /* AppDelegate.swift */; };
		80B1E94E2740B238002D2F81 /* SceneDelegate.swift in Sources */ = {isa = PBXBuildFile; fileRef = 80B1E94D2740B238002D2F81 /* SceneDelegate.swift */; };
		80B1E9502740B238002D2F81 /* ViewController.swift in Sources */ = {isa = PBXBuildFile; fileRef = 80B1E94F2740B238002D2F81 /* ViewController.swift */; };
		80B1E9532740B238002D2F81 /* Main.storyboard in Resources */ = {isa = PBXBuildFile; fileRef = 80B1E9512740B238002D2F81 /* Main.storyboard */; };
		80B1E9562740B238002D2F81 /* EngineerConnectApp.xcdatamodeld in Sources */ = {isa = PBXBuildFile; fileRef = 80B1E9542740B238002D2F81 /* EngineerConnectApp.xcdatamodeld */; };
		80B1E9582740B23A002D2F81 /* Assets.xcassets in Resources */ = {isa = PBXBuildFile; fileRef = 80B1E9572740B23A002D2F81 /* Assets.xcassets */; };
		80B1E95B2740B23A002D2F81 /* LaunchScreen.storyboard in Resources */ = {isa = PBXBuildFile; fileRef = 80B1E9592740B23A002D2F81 /* LaunchScreen.storyboard */; };
		80B1E9662740B23A002D2F81 /* EngineerConnectAppTests.swift in Sources */ = {isa = PBXBuildFile; fileRef = 80B1E9652740B23A002D2F81 /* EngineerConnectAppTests.swift */; };
		80B1E9702740B23A002D2F81 /* EngineerConnectAppUITests.swift in Sources */ = {isa = PBXBuildFile; fileRef = 80B1E96F2740B23A002D2F81 /* EngineerConnectAppUITests.swift */; };
		80B1E9722740B23A002D2F81 /* EngineerConnectAppUITestsLaunchTests.swift in Sources */ = {isa = PBXBuildFile; fileRef = 80B1E9712740B23A002D2F81 /* EngineerConnectAppUITestsLaunchTests.swift */; };
		80E77C7E27454BB00036C0BE /* SampleViewController.swift in Sources */ = {isa = PBXBuildFile; fileRef = 80E77C7D27454BB00036C0BE /* SampleViewController.swift */; };
		80E77C8227454DB60036C0BE /* Mentor.swift in Sources */ = {isa = PBXBuildFile; fileRef = 80E77C8127454DB60036C0BE /* Mentor.swift */; };
		E1AADBAA9AD45C68988C91CF /* Pods_EngineerConnectApp.framework in Frameworks */ = {isa = PBXBuildFile; fileRef = BEB683C67BD1B04BD976E91D /* Pods_EngineerConnectApp.framework */; };
/* End PBXBuildFile section */

/* Begin PBXContainerItemProxy section */
		80B1E9622740B23A002D2F81 /* PBXContainerItemProxy */ = {
			isa = PBXContainerItemProxy;
			containerPortal = 80B1E9402740B238002D2F81 /* Project object */;
			proxyType = 1;
			remoteGlobalIDString = 80B1E9472740B238002D2F81;
			remoteInfo = EngineerConnectApp;
		};
		80B1E96C2740B23A002D2F81 /* PBXContainerItemProxy */ = {
			isa = PBXContainerItemProxy;
			containerPortal = 80B1E9402740B238002D2F81 /* Project object */;
			proxyType = 1;
			remoteGlobalIDString = 80B1E9472740B238002D2F81;
			remoteInfo = EngineerConnectApp;
		};
/* End PBXContainerItemProxy section */

/* Begin PBXFileReference section */
		102D990DC8DF1B85482699ED /* Pods-EngineerConnectAppTests.release.xcconfig */ = {isa = PBXFileReference; includeInIndex = 1; lastKnownFileType = text.xcconfig; name = "Pods-EngineerConnectAppTests.release.xcconfig"; path = "Target Support Files/Pods-EngineerConnectAppTests/Pods-EngineerConnectAppTests.release.xcconfig"; sourceTree = "<group>"; };
		139A19C75968D84D02D3853B /* Pods-EngineerConnectApp-EngineerConnectAppUITests.release.xcconfig */ = {isa = PBXFileReference; includeInIndex = 1; lastKnownFileType = text.xcconfig; name = "Pods-EngineerConnectApp-EngineerConnectAppUITests.release.xcconfig"; path = "Target Support Files/Pods-EngineerConnectApp-EngineerConnectAppUITests/Pods-EngineerConnectApp-EngineerConnectAppUITests.release.xcconfig"; sourceTree = "<group>"; };
		446F291E08D902D43B2435ED /* Pods-EngineerConnectApp.release.xcconfig */ = {isa = PBXFileReference; includeInIndex = 1; lastKnownFileType = text.xcconfig; name = "Pods-EngineerConnectApp.release.xcconfig"; path = "Target Support Files/Pods-EngineerConnectApp/Pods-EngineerConnectApp.release.xcconfig"; sourceTree = "<group>"; };
		6168D9B072194D6D7A03F890 /* Pods-EngineerConnectApp.debug.xcconfig */ = {isa = PBXFileReference; includeInIndex = 1; lastKnownFileType = text.xcconfig; name = "Pods-EngineerConnectApp.debug.xcconfig"; path = "Target Support Files/Pods-EngineerConnectApp/Pods-EngineerConnectApp.debug.xcconfig"; sourceTree = "<group>"; };
		80B1E9482740B238002D2F81 /* EngineerConnectApp.app */ = {isa = PBXFileReference; explicitFileType = wrapper.application; includeInIndex = 0; path = EngineerConnectApp.app; sourceTree = BUILT_PRODUCTS_DIR; };
		80B1E94B2740B238002D2F81 /* AppDelegate.swift */ = {isa = PBXFileReference; lastKnownFileType = sourcecode.swift; path = AppDelegate.swift; sourceTree = "<group>"; };
		80B1E94D2740B238002D2F81 /* SceneDelegate.swift */ = {isa = PBXFileReference; lastKnownFileType = sourcecode.swift; path = SceneDelegate.swift; sourceTree = "<group>"; };
		80B1E94F2740B238002D2F81 /* ViewController.swift */ = {isa = PBXFileReference; lastKnownFileType = sourcecode.swift; path = ViewController.swift; sourceTree = "<group>"; };
		80B1E9522740B238002D2F81 /* Base */ = {isa = PBXFileReference; lastKnownFileType = file.storyboard; name = Base; path = Base.lproj/Main.storyboard; sourceTree = "<group>"; };
		80B1E9552740B238002D2F81 /* EngineerConnectApp.xcdatamodel */ = {isa = PBXFileReference; lastKnownFileType = wrapper.xcdatamodel; path = EngineerConnectApp.xcdatamodel; sourceTree = "<group>"; };
		80B1E9572740B23A002D2F81 /* Assets.xcassets */ = {isa = PBXFileReference; lastKnownFileType = folder.assetcatalog; path = Assets.xcassets; sourceTree = "<group>"; };
		80B1E95A2740B23A002D2F81 /* Base */ = {isa = PBXFileReference; lastKnownFileType = file.storyboard; name = Base; path = Base.lproj/LaunchScreen.storyboard; sourceTree = "<group>"; };
		80B1E95C2740B23A002D2F81 /* Info.plist */ = {isa = PBXFileReference; lastKnownFileType = text.plist.xml; path = Info.plist; sourceTree = "<group>"; };
		80B1E9612740B23A002D2F81 /* EngineerConnectAppTests.xctest */ = {isa = PBXFileReference; explicitFileType = wrapper.cfbundle; includeInIndex = 0; path = EngineerConnectAppTests.xctest; sourceTree = BUILT_PRODUCTS_DIR; };
		80B1E9652740B23A002D2F81 /* EngineerConnectAppTests.swift */ = {isa = PBXFileReference; lastKnownFileType = sourcecode.swift; path = EngineerConnectAppTests.swift; sourceTree = "<group>"; };
		80B1E96B2740B23A002D2F81 /* EngineerConnectAppUITests.xctest */ = {isa = PBXFileReference; explicitFileType = wrapper.cfbundle; includeInIndex = 0; path = EngineerConnectAppUITests.xctest; sourceTree = BUILT_PRODUCTS_DIR; };
		80B1E96F2740B23A002D2F81 /* EngineerConnectAppUITests.swift */ = {isa = PBXFileReference; lastKnownFileType = sourcecode.swift; path = EngineerConnectAppUITests.swift; sourceTree = "<group>"; };
		80B1E9712740B23A002D2F81 /* EngineerConnectAppUITestsLaunchTests.swift */ = {isa = PBXFileReference; lastKnownFileType = sourcecode.swift; path = EngineerConnectAppUITestsLaunchTests.swift; sourceTree = "<group>"; };
		80E77C7D27454BB00036C0BE /* SampleViewController.swift */ = {isa = PBXFileReference; lastKnownFileType = sourcecode.swift; path = SampleViewController.swift; sourceTree = "<group>"; };
		80E77C8127454DB60036C0BE /* Mentor.swift */ = {isa = PBXFileReference; lastKnownFileType = sourcecode.swift; path = Mentor.swift; sourceTree = "<group>"; };
		97759E2FAECDDCD616344257 /* Pods_EngineerConnectApp_EngineerConnectAppUITests.framework */ = {isa = PBXFileReference; explicitFileType = wrapper.framework; includeInIndex = 0; path = Pods_EngineerConnectApp_EngineerConnectAppUITests.framework; sourceTree = BUILT_PRODUCTS_DIR; };
		A99470BC1959272AEA584862 /* Pods-EngineerConnectApp-EngineerConnectAppUITests.debug.xcconfig */ = {isa = PBXFileReference; includeInIndex = 1; lastKnownFileType = text.xcconfig; name = "Pods-EngineerConnectApp-EngineerConnectAppUITests.debug.xcconfig"; path = "Target Support Files/Pods-EngineerConnectApp-EngineerConnectAppUITests/Pods-EngineerConnectApp-EngineerConnectAppUITests.debug.xcconfig"; sourceTree = "<group>"; };
		B3E44063227E252FA16A1A64 /* Pods_EngineerConnectAppTests.framework */ = {isa = PBXFileReference; explicitFileType = wrapper.framework; includeInIndex = 0; path = Pods_EngineerConnectAppTests.framework; sourceTree = BUILT_PRODUCTS_DIR; };
		BEB683C67BD1B04BD976E91D /* Pods_EngineerConnectApp.framework */ = {isa = PBXFileReference; explicitFileType = wrapper.framework; includeInIndex = 0; path = Pods_EngineerConnectApp.framework; sourceTree = BUILT_PRODUCTS_DIR; };
		CB96487484D321A8F7348C8C /* Pods-EngineerConnectAppTests.debug.xcconfig */ = {isa = PBXFileReference; includeInIndex = 1; lastKnownFileType = text.xcconfig; name = "Pods-EngineerConnectAppTests.debug.xcconfig"; path = "Target Support Files/Pods-EngineerConnectAppTests/Pods-EngineerConnectAppTests.debug.xcconfig"; sourceTree = "<group>"; };
/* End PBXFileReference section */

/* Begin PBXFrameworksBuildPhase section */
		80B1E9452740B238002D2F81 /* Frameworks */ = {
			isa = PBXFrameworksBuildPhase;
			buildActionMask = 2147483647;
			files = (
				E1AADBAA9AD45C68988C91CF /* Pods_EngineerConnectApp.framework in Frameworks */,
			);
			runOnlyForDeploymentPostprocessing = 0;
		};
		80B1E95E2740B23A002D2F81 /* Frameworks */ = {
			isa = PBXFrameworksBuildPhase;
			buildActionMask = 2147483647;
			files = (
				2FAEF71F427D6ABDDA05EB3D /* Pods_EngineerConnectAppTests.framework in Frameworks */,
			);
			runOnlyForDeploymentPostprocessing = 0;
		};
		80B1E9682740B23A002D2F81 /* Frameworks */ = {
			isa = PBXFrameworksBuildPhase;
			buildActionMask = 2147483647;
			files = (
				34220B99EC5EBB23FE69ED10 /* Pods_EngineerConnectApp_EngineerConnectAppUITests.framework in Frameworks */,
			);
			runOnlyForDeploymentPostprocessing = 0;
		};
/* End PBXFrameworksBuildPhase section */

/* Begin PBXGroup section */
		1845D29DF319FB4237192729 /* Frameworks */ = {
			isa = PBXGroup;
			children = (
				BEB683C67BD1B04BD976E91D /* Pods_EngineerConnectApp.framework */,
				97759E2FAECDDCD616344257 /* Pods_EngineerConnectApp_EngineerConnectAppUITests.framework */,
				B3E44063227E252FA16A1A64 /* Pods_EngineerConnectAppTests.framework */,
			);
			name = Frameworks;
			sourceTree = "<group>";
		};
		80B1E93F2740B238002D2F81 = {
			isa = PBXGroup;
			children = (
				80B1E94A2740B238002D2F81 /* EngineerConnectApp */,
				80B1E9642740B23A002D2F81 /* EngineerConnectAppTests */,
				80B1E96E2740B23A002D2F81 /* EngineerConnectAppUITests */,
				80B1E9492740B238002D2F81 /* Products */,
				B7F102E465C87B4E22EDCE79 /* Pods */,
				1845D29DF319FB4237192729 /* Frameworks */,
			);
			sourceTree = "<group>";
		};
		80B1E9492740B238002D2F81 /* Products */ = {
			isa = PBXGroup;
			children = (
				80B1E9482740B238002D2F81 /* EngineerConnectApp.app */,
				80B1E9612740B23A002D2F81 /* EngineerConnectAppTests.xctest */,
				80B1E96B2740B23A002D2F81 /* EngineerConnectAppUITests.xctest */,
			);
			name = Products;
			sourceTree = "<group>";
		};
		80B1E94A2740B238002D2F81 /* EngineerConnectApp */ = {
			isa = PBXGroup;
			children = (
				80E77C8027454DAB0036C0BE /* controllers */,
				80E77C7F27454DA20036C0BE /* models */,
				80B1E94B2740B238002D2F81 /* AppDelegate.swift */,
				80B1E94D2740B238002D2F81 /* SceneDelegate.swift */,
				80B1E94F2740B238002D2F81 /* ViewController.swift */,
				80B1E9512740B238002D2F81 /* Main.storyboard */,
				80E77C7D27454BB00036C0BE /* SampleViewController.swift */,
				80B1E9572740B23A002D2F81 /* Assets.xcassets */,
				80B1E9592740B23A002D2F81 /* LaunchScreen.storyboard */,
				80B1E95C2740B23A002D2F81 /* Info.plist */,
				80B1E9542740B238002D2F81 /* EngineerConnectApp.xcdatamodeld */,
			);
			path = EngineerConnectApp;
			sourceTree = "<group>";
		};
		80B1E9642740B23A002D2F81 /* EngineerConnectAppTests */ = {
			isa = PBXGroup;
			children = (
				80B1E9652740B23A002D2F81 /* EngineerConnectAppTests.swift */,
			);
			path = EngineerConnectAppTests;
			sourceTree = "<group>";
		};
		80B1E96E2740B23A002D2F81 /* EngineerConnectAppUITests */ = {
			isa = PBXGroup;
			children = (
				80B1E96F2740B23A002D2F81 /* EngineerConnectAppUITests.swift */,
				80B1E9712740B23A002D2F81 /* EngineerConnectAppUITestsLaunchTests.swift */,
			);
			path = EngineerConnectAppUITests;
			sourceTree = "<group>";
		};
		80E77C7F27454DA20036C0BE /* models */ = {
			isa = PBXGroup;
			children = (
				80E77C8127454DB60036C0BE /* Mentor.swift */,
			);
			path = models;
			sourceTree = "<group>";
		};
		80E77C8027454DAB0036C0BE /* controllers */ = {
			isa = PBXGroup;
			children = (
			);
			path = controllers;
			sourceTree = "<group>";
		};
		B7F102E465C87B4E22EDCE79 /* Pods */ = {
			isa = PBXGroup;
			children = (
				6168D9B072194D6D7A03F890 /* Pods-EngineerConnectApp.debug.xcconfig */,
				446F291E08D902D43B2435ED /* Pods-EngineerConnectApp.release.xcconfig */,
				A99470BC1959272AEA584862 /* Pods-EngineerConnectApp-EngineerConnectAppUITests.debug.xcconfig */,
				139A19C75968D84D02D3853B /* Pods-EngineerConnectApp-EngineerConnectAppUITests.release.xcconfig */,
				CB96487484D321A8F7348C8C /* Pods-EngineerConnectAppTests.debug.xcconfig */,
				102D990DC8DF1B85482699ED /* Pods-EngineerConnectAppTests.release.xcconfig */,
			);
			path = Pods;
			sourceTree = "<group>";
		};
/* End PBXGroup section */

/* Begin PBXNativeTarget section */
		80B1E9472740B238002D2F81 /* EngineerConnectApp */ = {
			isa = PBXNativeTarget;
			buildConfigurationList = 80B1E9752740B23A002D2F81 /* Build configuration list for PBXNativeTarget "EngineerConnectApp" */;
			buildPhases = (
				39C0E6F67ACA4C64508FB0DA /* [CP] Check Pods Manifest.lock */,
				80B1E9442740B238002D2F81 /* Sources */,
				80B1E9452740B238002D2F81 /* Frameworks */,
				80B1E9462740B238002D2F81 /* Resources */,
				8646EACA779237EAA4AB1A3F /* [CP] Embed Pods Frameworks */,
			);
			buildRules = (
			);
			dependencies = (
			);
			name = EngineerConnectApp;
			productName = EngineerConnectApp;
			productReference = 80B1E9482740B238002D2F81 /* EngineerConnectApp.app */;
			productType = "com.apple.product-type.application";
		};
		80B1E9602740B23A002D2F81 /* EngineerConnectAppTests */ = {
			isa = PBXNativeTarget;
			buildConfigurationList = 80B1E9782740B23A002D2F81 /* Build configuration list for PBXNativeTarget "EngineerConnectAppTests" */;
			buildPhases = (
				B7B16D679D41AB415FCC533D /* [CP] Check Pods Manifest.lock */,
				80B1E95D2740B23A002D2F81 /* Sources */,
				80B1E95E2740B23A002D2F81 /* Frameworks */,
				80B1E95F2740B23A002D2F81 /* Resources */,
			);
			buildRules = (
			);
			dependencies = (
				80B1E9632740B23A002D2F81 /* PBXTargetDependency */,
			);
			name = EngineerConnectAppTests;
			productName = EngineerConnectAppTests;
			productReference = 80B1E9612740B23A002D2F81 /* EngineerConnectAppTests.xctest */;
			productType = "com.apple.product-type.bundle.unit-test";
		};
		80B1E96A2740B23A002D2F81 /* EngineerConnectAppUITests */ = {
			isa = PBXNativeTarget;
			buildConfigurationList = 80B1E97B2740B23A002D2F81 /* Build configuration list for PBXNativeTarget "EngineerConnectAppUITests" */;
			buildPhases = (
				2A76A903DC4487D2C9AD54E0 /* [CP] Check Pods Manifest.lock */,
				80B1E9672740B23A002D2F81 /* Sources */,
				80B1E9682740B23A002D2F81 /* Frameworks */,
				80B1E9692740B23A002D2F81 /* Resources */,
				5A20B45D0E2D2763BF756711 /* [CP] Embed Pods Frameworks */,
			);
			buildRules = (
			);
			dependencies = (
				80B1E96D2740B23A002D2F81 /* PBXTargetDependency */,
			);
			name = EngineerConnectAppUITests;
			productName = EngineerConnectAppUITests;
			productReference = 80B1E96B2740B23A002D2F81 /* EngineerConnectAppUITests.xctest */;
			productType = "com.apple.product-type.bundle.ui-testing";
		};
/* End PBXNativeTarget section */

/* Begin PBXProject section */
		80B1E9402740B238002D2F81 /* Project object */ = {
			isa = PBXProject;
			attributes = {
				BuildIndependentTargetsInParallel = 1;
				LastSwiftUpdateCheck = 1310;
				LastUpgradeCheck = 1310;
				TargetAttributes = {
					80B1E9472740B238002D2F81 = {
						CreatedOnToolsVersion = 13.1;
					};
					80B1E9602740B23A002D2F81 = {
						CreatedOnToolsVersion = 13.1;
						TestTargetID = 80B1E9472740B238002D2F81;
					};
					80B1E96A2740B23A002D2F81 = {
						CreatedOnToolsVersion = 13.1;
						TestTargetID = 80B1E9472740B238002D2F81;
					};
				};
			};
			buildConfigurationList = 80B1E9432740B238002D2F81 /* Build configuration list for PBXProject "EngineerConnectApp" */;
			compatibilityVersion = "Xcode 13.0";
			developmentRegion = en;
			hasScannedForEncodings = 0;
			knownRegions = (
				en,
				Base,
			);
			mainGroup = 80B1E93F2740B238002D2F81;
			productRefGroup = 80B1E9492740B238002D2F81 /* Products */;
			projectDirPath = "";
			projectRoot = "";
			targets = (
				80B1E9472740B238002D2F81 /* EngineerConnectApp */,
				80B1E9602740B23A002D2F81 /* EngineerConnectAppTests */,
				80B1E96A2740B23A002D2F81 /* EngineerConnectAppUITests */,
			);
		};
/* End PBXProject section */

/* Begin PBXResourcesBuildPhase section */
		80B1E9462740B238002D2F81 /* Resources */ = {
			isa = PBXResourcesBuildPhase;
			buildActionMask = 2147483647;
			files = (
				80B1E95B2740B23A002D2F81 /* LaunchScreen.storyboard in Resources */,
				80B1E9582740B23A002D2F81 /* Assets.xcassets in Resources */,
				80B1E9532740B238002D2F81 /* Main.storyboard in Resources */,
			);
			runOnlyForDeploymentPostprocessing = 0;
		};
		80B1E95F2740B23A002D2F81 /* Resources */ = {
			isa = PBXResourcesBuildPhase;
			buildActionMask = 2147483647;
			files = (
			);
			runOnlyForDeploymentPostprocessing = 0;
		};
		80B1E9692740B23A002D2F81 /* Resources */ = {
			isa = PBXResourcesBuildPhase;
			buildActionMask = 2147483647;
			files = (
			);
			runOnlyForDeploymentPostprocessing = 0;
		};
/* End PBXResourcesBuildPhase section */

/* Begin PBXShellScriptBuildPhase section */
		2A76A903DC4487D2C9AD54E0 /* [CP] Check Pods Manifest.lock */ = {
			isa = PBXShellScriptBuildPhase;
			buildActionMask = 2147483647;
			files = (
			);
			inputFileListPaths = (
			);
			inputPaths = (
				"${PODS_PODFILE_DIR_PATH}/Podfile.lock",
				"${PODS_ROOT}/Manifest.lock",
			);
			name = "[CP] Check Pods Manifest.lock";
			outputFileListPaths = (
			);
			outputPaths = (
				"$(DERIVED_FILE_DIR)/Pods-EngineerConnectApp-EngineerConnectAppUITests-checkManifestLockResult.txt",
			);
			runOnlyForDeploymentPostprocessing = 0;
			shellPath = /bin/sh;
			shellScript = "diff \"${PODS_PODFILE_DIR_PATH}/Podfile.lock\" \"${PODS_ROOT}/Manifest.lock\" > /dev/null\nif [ $? != 0 ] ; then\n    # print error to STDERR\n    echo \"error: The sandbox is not in sync with the Podfile.lock. Run 'pod install' or update your CocoaPods installation.\" >&2\n    exit 1\nfi\n# This output is used by Xcode 'outputs' to avoid re-running this script phase.\necho \"SUCCESS\" > \"${SCRIPT_OUTPUT_FILE_0}\"\n";
			showEnvVarsInLog = 0;
		};
		39C0E6F67ACA4C64508FB0DA /* [CP] Check Pods Manifest.lock */ = {
			isa = PBXShellScriptBuildPhase;
			buildActionMask = 2147483647;
			files = (
			);
			inputFileListPaths = (
			);
			inputPaths = (
				"${PODS_PODFILE_DIR_PATH}/Podfile.lock",
				"${PODS_ROOT}/Manifest.lock",
			);
			name = "[CP] Check Pods Manifest.lock";
			outputFileListPaths = (
			);
			outputPaths = (
				"$(DERIVED_FILE_DIR)/Pods-EngineerConnectApp-checkManifestLockResult.txt",
			);
			runOnlyForDeploymentPostprocessing = 0;
			shellPath = /bin/sh;
			shellScript = "diff \"${PODS_PODFILE_DIR_PATH}/Podfile.lock\" \"${PODS_ROOT}/Manifest.lock\" > /dev/null\nif [ $? != 0 ] ; then\n    # print error to STDERR\n    echo \"error: The sandbox is not in sync with the Podfile.lock. Run 'pod install' or update your CocoaPods installation.\" >&2\n    exit 1\nfi\n# This output is used by Xcode 'outputs' to avoid re-running this script phase.\necho \"SUCCESS\" > \"${SCRIPT_OUTPUT_FILE_0}\"\n";
			showEnvVarsInLog = 0;
		};
		5A20B45D0E2D2763BF756711 /* [CP] Embed Pods Frameworks */ = {
			isa = PBXShellScriptBuildPhase;
			buildActionMask = 2147483647;
			files = (
			);
			inputFileListPaths = (
				"${PODS_ROOT}/Target Support Files/Pods-EngineerConnectApp-EngineerConnectAppUITests/Pods-EngineerConnectApp-EngineerConnectAppUITests-frameworks-${CONFIGURATION}-input-files.xcfilelist",
			);
			name = "[CP] Embed Pods Frameworks";
			outputFileListPaths = (
				"${PODS_ROOT}/Target Support Files/Pods-EngineerConnectApp-EngineerConnectAppUITests/Pods-EngineerConnectApp-EngineerConnectAppUITests-frameworks-${CONFIGURATION}-output-files.xcfilelist",
			);
			runOnlyForDeploymentPostprocessing = 0;
			shellPath = /bin/sh;
			shellScript = "\"${PODS_ROOT}/Target Support Files/Pods-EngineerConnectApp-EngineerConnectAppUITests/Pods-EngineerConnectApp-EngineerConnectAppUITests-frameworks.sh\"\n";
			showEnvVarsInLog = 0;
		};
		8646EACA779237EAA4AB1A3F /* [CP] Embed Pods Frameworks */ = {
			isa = PBXShellScriptBuildPhase;
			buildActionMask = 2147483647;
			files = (
			);
			inputFileListPaths = (
				"${PODS_ROOT}/Target Support Files/Pods-EngineerConnectApp/Pods-EngineerConnectApp-frameworks-${CONFIGURATION}-input-files.xcfilelist",
			);
			name = "[CP] Embed Pods Frameworks";
			outputFileListPaths = (
				"${PODS_ROOT}/Target Support Files/Pods-EngineerConnectApp/Pods-EngineerConnectApp-frameworks-${CONFIGURATION}-output-files.xcfilelist",
			);
			runOnlyForDeploymentPostprocessing = 0;
			shellPath = /bin/sh;
			shellScript = "\"${PODS_ROOT}/Target Support Files/Pods-EngineerConnectApp/Pods-EngineerConnectApp-frameworks.sh\"\n";
			showEnvVarsInLog = 0;
		};
		B7B16D679D41AB415FCC533D /* [CP] Check Pods Manifest.lock */ = {
			isa = PBXShellScriptBuildPhase;
			buildActionMask = 2147483647;
			files = (
			);
			inputFileListPaths = (
			);
			inputPaths = (
				"${PODS_PODFILE_DIR_PATH}/Podfile.lock",
				"${PODS_ROOT}/Manifest.lock",
			);
			name = "[CP] Check Pods Manifest.lock";
			outputFileListPaths = (
			);
			outputPaths = (
				"$(DERIVED_FILE_DIR)/Pods-EngineerConnectAppTests-checkManifestLockResult.txt",
			);
			runOnlyForDeploymentPostprocessing = 0;
			shellPath = /bin/sh;
			shellScript = "diff \"${PODS_PODFILE_DIR_PATH}/Podfile.lock\" \"${PODS_ROOT}/Manifest.lock\" > /dev/null\nif [ $? != 0 ] ; then\n    # print error to STDERR\n    echo \"error: The sandbox is not in sync with the Podfile.lock. Run 'pod install' or update your CocoaPods installation.\" >&2\n    exit 1\nfi\n# This output is used by Xcode 'outputs' to avoid re-running this script phase.\necho \"SUCCESS\" > \"${SCRIPT_OUTPUT_FILE_0}\"\n";
			showEnvVarsInLog = 0;
		};
/* End PBXShellScriptBuildPhase section */

/* Begin PBXSourcesBuildPhase section */
		80B1E9442740B238002D2F81 /* Sources */ = {
			isa = PBXSourcesBuildPhase;
			buildActionMask = 2147483647;
			files = (
				80E77C8227454DB60036C0BE /* Mentor.swift in Sources */,
				80E77C7E27454BB00036C0BE /* SampleViewController.swift in Sources */,
				80B1E9502740B238002D2F81 /* ViewController.swift in Sources */,
				80B1E94C2740B238002D2F81 /* AppDelegate.swift in Sources */,
				80B1E94E2740B238002D2F81 /* SceneDelegate.swift in Sources */,
				80B1E9562740B238002D2F81 /* EngineerConnectApp.xcdatamodeld in Sources */,
			);
			runOnlyForDeploymentPostprocessing = 0;
		};
		80B1E95D2740B23A002D2F81 /* Sources */ = {
			isa = PBXSourcesBuildPhase;
			buildActionMask = 2147483647;
			files = (
				80B1E9662740B23A002D2F81 /* EngineerConnectAppTests.swift in Sources */,
			);
			runOnlyForDeploymentPostprocessing = 0;
		};
		80B1E9672740B23A002D2F81 /* Sources */ = {
			isa = PBXSourcesBuildPhase;
			buildActionMask = 2147483647;
			files = (
				80B1E9722740B23A002D2F81 /* EngineerConnectAppUITestsLaunchTests.swift in Sources */,
				80B1E9702740B23A002D2F81 /* EngineerConnectAppUITests.swift in Sources */,
			);
			runOnlyForDeploymentPostprocessing = 0;
		};
/* End PBXSourcesBuildPhase section */

/* Begin PBXTargetDependency section */
		80B1E9632740B23A002D2F81 /* PBXTargetDependency */ = {
			isa = PBXTargetDependency;
			target = 80B1E9472740B238002D2F81 /* EngineerConnectApp */;
			targetProxy = 80B1E9622740B23A002D2F81 /* PBXContainerItemProxy */;
		};
		80B1E96D2740B23A002D2F81 /* PBXTargetDependency */ = {
			isa = PBXTargetDependency;
			target = 80B1E9472740B238002D2F81 /* EngineerConnectApp */;
			targetProxy = 80B1E96C2740B23A002D2F81 /* PBXContainerItemProxy */;
		};
/* End PBXTargetDependency section */

/* Begin PBXVariantGroup section */
		80B1E9512740B238002D2F81 /* Main.storyboard */ = {
			isa = PBXVariantGroup;
			children = (
				80B1E9522740B238002D2F81 /* Base */,
			);
			name = Main.storyboard;
			sourceTree = "<group>";
		};
		80B1E9592740B23A002D2F81 /* LaunchScreen.storyboard */ = {
			isa = PBXVariantGroup;
			children = (
				80B1E95A2740B23A002D2F81 /* Base */,
			);
			name = LaunchScreen.storyboard;
			sourceTree = "<group>";
		};
/* End PBXVariantGroup section */

/* Begin XCBuildConfiguration section */
		80B1E9732740B23A002D2F81 /* Debug */ = {
			isa = XCBuildConfiguration;
			buildSettings = {
				ALWAYS_SEARCH_USER_PATHS = NO;
				CLANG_ANALYZER_NONNULL = YES;
				CLANG_ANALYZER_NUMBER_OBJECT_CONVERSION = YES_AGGRESSIVE;
				CLANG_CXX_LANGUAGE_STANDARD = "gnu++17";
				CLANG_CXX_LIBRARY = "libc++";
				CLANG_ENABLE_MODULES = YES;
				CLANG_ENABLE_OBJC_ARC = YES;
				CLANG_ENABLE_OBJC_WEAK = YES;
				CLANG_WARN_BLOCK_CAPTURE_AUTORELEASING = YES;
				CLANG_WARN_BOOL_CONVERSION = YES;
				CLANG_WARN_COMMA = YES;
				CLANG_WARN_CONSTANT_CONVERSION = YES;
				CLANG_WARN_DEPRECATED_OBJC_IMPLEMENTATIONS = YES;
				CLANG_WARN_DIRECT_OBJC_ISA_USAGE = YES_ERROR;
				CLANG_WARN_DOCUMENTATION_COMMENTS = YES;
				CLANG_WARN_EMPTY_BODY = YES;
				CLANG_WARN_ENUM_CONVERSION = YES;
				CLANG_WARN_INFINITE_RECURSION = YES;
				CLANG_WARN_INT_CONVERSION = YES;
				CLANG_WARN_NON_LITERAL_NULL_CONVERSION = YES;
				CLANG_WARN_OBJC_IMPLICIT_RETAIN_SELF = YES;
				CLANG_WARN_OBJC_LITERAL_CONVERSION = YES;
				CLANG_WARN_OBJC_ROOT_CLASS = YES_ERROR;
				CLANG_WARN_QUOTED_INCLUDE_IN_FRAMEWORK_HEADER = YES;
				CLANG_WARN_RANGE_LOOP_ANALYSIS = YES;
				CLANG_WARN_STRICT_PROTOTYPES = YES;
				CLANG_WARN_SUSPICIOUS_MOVE = YES;
				CLANG_WARN_UNGUARDED_AVAILABILITY = YES_AGGRESSIVE;
				CLANG_WARN_UNREACHABLE_CODE = YES;
				CLANG_WARN__DUPLICATE_METHOD_MATCH = YES;
				COPY_PHASE_STRIP = NO;
				DEBUG_INFORMATION_FORMAT = dwarf;
				ENABLE_STRICT_OBJC_MSGSEND = YES;
				ENABLE_TESTABILITY = YES;
				GCC_C_LANGUAGE_STANDARD = gnu11;
				GCC_DYNAMIC_NO_PIC = NO;
				GCC_NO_COMMON_BLOCKS = YES;
				GCC_OPTIMIZATION_LEVEL = 0;
				GCC_PREPROCESSOR_DEFINITIONS = (
					"DEBUG=1",
					"$(inherited)",
				);
				GCC_WARN_64_TO_32_BIT_CONVERSION = YES;
				GCC_WARN_ABOUT_RETURN_TYPE = YES_ERROR;
				GCC_WARN_UNDECLARED_SELECTOR = YES;
				GCC_WARN_UNINITIALIZED_AUTOS = YES_AGGRESSIVE;
				GCC_WARN_UNUSED_FUNCTION = YES;
				GCC_WARN_UNUSED_VARIABLE = YES;
				IPHONEOS_DEPLOYMENT_TARGET = 15.0;
				MTL_ENABLE_DEBUG_INFO = INCLUDE_SOURCE;
				MTL_FAST_MATH = YES;
				ONLY_ACTIVE_ARCH = YES;
				SDKROOT = iphoneos;
				SWIFT_ACTIVE_COMPILATION_CONDITIONS = DEBUG;
				SWIFT_OPTIMIZATION_LEVEL = "-Onone";
			};
			name = Debug;
		};
		80B1E9742740B23A002D2F81 /* Release */ = {
			isa = XCBuildConfiguration;
			buildSettings = {
				ALWAYS_SEARCH_USER_PATHS = NO;
				CLANG_ANALYZER_NONNULL = YES;
				CLANG_ANALYZER_NUMBER_OBJECT_CONVERSION = YES_AGGRESSIVE;
				CLANG_CXX_LANGUAGE_STANDARD = "gnu++17";
				CLANG_CXX_LIBRARY = "libc++";
				CLANG_ENABLE_MODULES = YES;
				CLANG_ENABLE_OBJC_ARC = YES;
				CLANG_ENABLE_OBJC_WEAK = YES;
				CLANG_WARN_BLOCK_CAPTURE_AUTORELEASING = YES;
				CLANG_WARN_BOOL_CONVERSION = YES;
				CLANG_WARN_COMMA = YES;
				CLANG_WARN_CONSTANT_CONVERSION = YES;
				CLANG_WARN_DEPRECATED_OBJC_IMPLEMENTATIONS = YES;
				CLANG_WARN_DIRECT_OBJC_ISA_USAGE = YES_ERROR;
				CLANG_WARN_DOCUMENTATION_COMMENTS = YES;
				CLANG_WARN_EMPTY_BODY = YES;
				CLANG_WARN_ENUM_CONVERSION = YES;
				CLANG_WARN_INFINITE_RECURSION = YES;
				CLANG_WARN_INT_CONVERSION = YES;
				CLANG_WARN_NON_LITERAL_NULL_CONVERSION = YES;
				CLANG_WARN_OBJC_IMPLICIT_RETAIN_SELF = YES;
				CLANG_WARN_OBJC_LITERAL_CONVERSION = YES;
				CLANG_WARN_OBJC_ROOT_CLASS = YES_ERROR;
				CLANG_WARN_QUOTED_INCLUDE_IN_FRAMEWORK_HEADER = YES;
				CLANG_WARN_RANGE_LOOP_ANALYSIS = YES;
				CLANG_WARN_STRICT_PROTOTYPES = YES;
				CLANG_WARN_SUSPICIOUS_MOVE = YES;
				CLANG_WARN_UNGUARDED_AVAILABILITY = YES_AGGRESSIVE;
				CLANG_WARN_UNREACHABLE_CODE = YES;
				CLANG_WARN__DUPLICATE_METHOD_MATCH = YES;
				COPY_PHASE_STRIP = NO;
				DEBUG_INFORMATION_FORMAT = "dwarf-with-dsym";
				ENABLE_NS_ASSERTIONS = NO;
				ENABLE_STRICT_OBJC_MSGSEND = YES;
				GCC_C_LANGUAGE_STANDARD = gnu11;
				GCC_NO_COMMON_BLOCKS = YES;
				GCC_WARN_64_TO_32_BIT_CONVERSION = YES;
				GCC_WARN_ABOUT_RETURN_TYPE = YES_ERROR;
				GCC_WARN_UNDECLARED_SELECTOR = YES;
				GCC_WARN_UNINITIALIZED_AUTOS = YES_AGGRESSIVE;
				GCC_WARN_UNUSED_FUNCTION = YES;
				GCC_WARN_UNUSED_VARIABLE = YES;
				IPHONEOS_DEPLOYMENT_TARGET = 15.0;
				MTL_ENABLE_DEBUG_INFO = NO;
				MTL_FAST_MATH = YES;
				SDKROOT = iphoneos;
				SWIFT_COMPILATION_MODE = wholemodule;
				SWIFT_OPTIMIZATION_LEVEL = "-O";
				VALIDATE_PRODUCT = YES;
			};
			name = Release;
		};
		80B1E9762740B23A002D2F81 /* Debug */ = {
			isa = XCBuildConfiguration;
			baseConfigurationReference = 6168D9B072194D6D7A03F890 /* Pods-EngineerConnectApp.debug.xcconfig */;
			buildSettings = {
				ASSETCATALOG_COMPILER_APPICON_NAME = AppIcon;
				ASSETCATALOG_COMPILER_GLOBAL_ACCENT_COLOR_NAME = AccentColor;
				CODE_SIGN_STYLE = Automatic;
				CURRENT_PROJECT_VERSION = 1;
				DEVELOPMENT_TEAM = W2BQ443478;
				GENERATE_INFOPLIST_FILE = YES;
				INFOPLIST_FILE = EngineerConnectApp/Info.plist;
				INFOPLIST_KEY_UIApplicationSupportsIndirectInputEvents = YES;
				INFOPLIST_KEY_UILaunchStoryboardName = LaunchScreen;
				INFOPLIST_KEY_UIMainStoryboardFile = Main;
				INFOPLIST_KEY_UISupportedInterfaceOrientations_iPad = "UIInterfaceOrientationPortrait UIInterfaceOrientationPortraitUpsideDown UIInterfaceOrientationLandscapeLeft UIInterfaceOrientationLandscapeRight";
				INFOPLIST_KEY_UISupportedInterfaceOrientations_iPhone = "UIInterfaceOrientationPortrait UIInterfaceOrientationLandscapeLeft UIInterfaceOrientationLandscapeRight";
				LD_RUNPATH_SEARCH_PATHS = (
					"$(inherited)",
					"@executable_path/Frameworks",
				);
				MARKETING_VERSION = 1.0;
				PRODUCT_BUNDLE_IDENTIFIER = jp.kbanchi1111.EngineerConnectApp;
				PRODUCT_NAME = "$(TARGET_NAME)";
				SWIFT_EMIT_LOC_STRINGS = YES;
				SWIFT_VERSION = 5.0;
				TARGETED_DEVICE_FAMILY = "1,2";
			};
			name = Debug;
		};
		80B1E9772740B23A002D2F81 /* Release */ = {
			isa = XCBuildConfiguration;
			baseConfigurationReference = 446F291E08D902D43B2435ED /* Pods-EngineerConnectApp.release.xcconfig */;
			buildSettings = {
				ASSETCATALOG_COMPILER_APPICON_NAME = AppIcon;
				ASSETCATALOG_COMPILER_GLOBAL_ACCENT_COLOR_NAME = AccentColor;
				CODE_SIGN_STYLE = Automatic;
				CURRENT_PROJECT_VERSION = 1;
				DEVELOPMENT_TEAM = W2BQ443478;
				GENERATE_INFOPLIST_FILE = YES;
				INFOPLIST_FILE = EngineerConnectApp/Info.plist;
				INFOPLIST_KEY_UIApplicationSupportsIndirectInputEvents = YES;
				INFOPLIST_KEY_UILaunchStoryboardName = LaunchScreen;
				INFOPLIST_KEY_UIMainStoryboardFile = Main;
				INFOPLIST_KEY_UISupportedInterfaceOrientations_iPad = "UIInterfaceOrientationPortrait UIInterfaceOrientationPortraitUpsideDown UIInterfaceOrientationLandscapeLeft UIInterfaceOrientationLandscapeRight";
				INFOPLIST_KEY_UISupportedInterfaceOrientations_iPhone = "UIInterfaceOrientationPortrait UIInterfaceOrientationLandscapeLeft UIInterfaceOrientationLandscapeRight";
				LD_RUNPATH_SEARCH_PATHS = (
					"$(inherited)",
					"@executable_path/Frameworks",
				);
				MARKETING_VERSION = 1.0;
				PRODUCT_BUNDLE_IDENTIFIER = jp.kbanchi1111.EngineerConnectApp;
				PRODUCT_NAME = "$(TARGET_NAME)";
				SWIFT_EMIT_LOC_STRINGS = YES;
				SWIFT_VERSION = 5.0;
				TARGETED_DEVICE_FAMILY = "1,2";
			};
			name = Release;
		};
		80B1E9792740B23A002D2F81 /* Debug */ = {
			isa = XCBuildConfiguration;
			baseConfigurationReference = CB96487484D321A8F7348C8C /* Pods-EngineerConnectAppTests.debug.xcconfig */;
			buildSettings = {
				ALWAYS_EMBED_SWIFT_STANDARD_LIBRARIES = YES;
				BUNDLE_LOADER = "$(TEST_HOST)";
				CODE_SIGN_STYLE = Automatic;
				CURRENT_PROJECT_VERSION = 1;
				DEVELOPMENT_TEAM = W2BQ443478;
				GENERATE_INFOPLIST_FILE = YES;
				IPHONEOS_DEPLOYMENT_TARGET = 15.0;
				LD_RUNPATH_SEARCH_PATHS = (
					"$(inherited)",
					"@executable_path/Frameworks",
					"@loader_path/Frameworks",
				);
				MARKETING_VERSION = 1.0;
				PRODUCT_BUNDLE_IDENTIFIER = jp.kbanchi1111.EngineerConnectAppTests;
				PRODUCT_NAME = "$(TARGET_NAME)";
				SWIFT_EMIT_LOC_STRINGS = NO;
				SWIFT_VERSION = 5.0;
				TARGETED_DEVICE_FAMILY = "1,2";
				TEST_HOST = "$(BUILT_PRODUCTS_DIR)/EngineerConnectApp.app/EngineerConnectApp";
			};
			name = Debug;
		};
		80B1E97A2740B23A002D2F81 /* Release */ = {
			isa = XCBuildConfiguration;
			baseConfigurationReference = 102D990DC8DF1B85482699ED /* Pods-EngineerConnectAppTests.release.xcconfig */;
			buildSettings = {
				ALWAYS_EMBED_SWIFT_STANDARD_LIBRARIES = YES;
				BUNDLE_LOADER = "$(TEST_HOST)";
				CODE_SIGN_STYLE = Automatic;
				CURRENT_PROJECT_VERSION = 1;
				DEVELOPMENT_TEAM = W2BQ443478;
				GENERATE_INFOPLIST_FILE = YES;
				IPHONEOS_DEPLOYMENT_TARGET = 15.0;
				LD_RUNPATH_SEARCH_PATHS = (
					"$(inherited)",
					"@executable_path/Frameworks",
					"@loader_path/Frameworks",
				);
				MARKETING_VERSION = 1.0;
				PRODUCT_BUNDLE_IDENTIFIER = jp.kbanchi1111.EngineerConnectAppTests;
				PRODUCT_NAME = "$(TARGET_NAME)";
				SWIFT_EMIT_LOC_STRINGS = NO;
				SWIFT_VERSION = 5.0;
				TARGETED_DEVICE_FAMILY = "1,2";
				TEST_HOST = "$(BUILT_PRODUCTS_DIR)/EngineerConnectApp.app/EngineerConnectApp";
			};
			name = Release;
		};
		80B1E97C2740B23A002D2F81 /* Debug */ = {
			isa = XCBuildConfiguration;
			baseConfigurationReference = A99470BC1959272AEA584862 /* Pods-EngineerConnectApp-EngineerConnectAppUITests.debug.xcconfig */;
			buildSettings = {
				ALWAYS_EMBED_SWIFT_STANDARD_LIBRARIES = YES;
				CODE_SIGN_STYLE = Automatic;
				CURRENT_PROJECT_VERSION = 1;
				DEVELOPMENT_TEAM = W2BQ443478;
				GENERATE_INFOPLIST_FILE = YES;
				LD_RUNPATH_SEARCH_PATHS = (
					"$(inherited)",
					"@executable_path/Frameworks",
					"@loader_path/Frameworks",
				);
				MARKETING_VERSION = 1.0;
				PRODUCT_BUNDLE_IDENTIFIER = jp.kbanchi1111.EngineerConnectAppUITests;
				PRODUCT_NAME = "$(TARGET_NAME)";
				SWIFT_EMIT_LOC_STRINGS = NO;
				SWIFT_VERSION = 5.0;
				TARGETED_DEVICE_FAMILY = "1,2";
				TEST_TARGET_NAME = EngineerConnectApp;
			};
			name = Debug;
		};
		80B1E97D2740B23A002D2F81 /* Release */ = {
			isa = XCBuildConfiguration;
			baseConfigurationReference = 139A19C75968D84D02D3853B /* Pods-EngineerConnectApp-EngineerConnectAppUITests.release.xcconfig */;
			buildSettings = {
				ALWAYS_EMBED_SWIFT_STANDARD_LIBRARIES = YES;
				CODE_SIGN_STYLE = Automatic;
				CURRENT_PROJECT_VERSION = 1;
				DEVELOPMENT_TEAM = W2BQ443478;
				GENERATE_INFOPLIST_FILE = YES;
				LD_RUNPATH_SEARCH_PATHS = (
					"$(inherited)",
					"@executable_path/Frameworks",
					"@loader_path/Frameworks",
				);
				MARKETING_VERSION = 1.0;
				PRODUCT_BUNDLE_IDENTIFIER = jp.kbanchi1111.EngineerConnectAppUITests;
				PRODUCT_NAME = "$(TARGET_NAME)";
				SWIFT_EMIT_LOC_STRINGS = NO;
				SWIFT_VERSION = 5.0;
				TARGETED_DEVICE_FAMILY = "1,2";
				TEST_TARGET_NAME = EngineerConnectApp;
			};
			name = Release;
		};
/* End XCBuildConfiguration section */

/* Begin XCConfigurationList section */
		80B1E9432740B238002D2F81 /* Build configuration list for PBXProject "EngineerConnectApp" */ = {
			isa = XCConfigurationList;
			buildConfigurations = (
				80B1E9732740B23A002D2F81 /* Debug */,
				80B1E9742740B23A002D2F81 /* Release */,
			);
			defaultConfigurationIsVisible = 0;
			defaultConfigurationName = Release;
		};
		80B1E9752740B23A002D2F81 /* Build configuration list for PBXNativeTarget "EngineerConnectApp" */ = {
			isa = XCConfigurationList;
			buildConfigurations = (
				80B1E9762740B23A002D2F81 /* Debug */,
				80B1E9772740B23A002D2F81 /* Release */,
			);
			defaultConfigurationIsVisible = 0;
			defaultConfigurationName = Release;
		};
		80B1E9782740B23A002D2F81 /* Build configuration list for PBXNativeTarget "EngineerConnectAppTests" */ = {
			isa = XCConfigurationList;
			buildConfigurations = (
				80B1E9792740B23A002D2F81 /* Debug */,
				80B1E97A2740B23A002D2F81 /* Release */,
			);
			defaultConfigurationIsVisible = 0;
			defaultConfigurationName = Release;
		};
		80B1E97B2740B23A002D2F81 /* Build configuration list for PBXNativeTarget "EngineerConnectAppUITests" */ = {
			isa = XCConfigurationList;
			buildConfigurations = (
				80B1E97C2740B23A002D2F81 /* Debug */,
				80B1E97D2740B23A002D2F81 /* Release */,
			);
			defaultConfigurationIsVisible = 0;
			defaultConfigurationName = Release;
		};
/* End XCConfigurationList section */

/* Begin XCVersionGroup section */
		80B1E9542740B238002D2F81 /* EngineerConnectApp.xcdatamodeld */ = {
			isa = XCVersionGroup;
			children = (
				80B1E9552740B238002D2F81 /* EngineerConnectApp.xcdatamodel */,
			);
			currentVersion = 80B1E9552740B238002D2F81 /* EngineerConnectApp.xcdatamodel */;
			path = EngineerConnectApp.xcdatamodeld;
			sourceTree = "<group>";
			versionGroupType = wrapper.xcdatamodel;
		};
/* End XCVersionGroup section */
	};
	rootObject = 80B1E9402740B238002D2F81 /* Project object */;
}
